
Microsoft Visual Studio Solution File, Format Version 12.00
# Visual Studio 2013
VisualStudioVersion = 12.0.40629.0
MinimumVisualStudioVersion = 10.0.40219.1
Project("{FAE04EC0-301F-11D3-BF4B-00C04F79EFBC}") = "Q492437", "Q492437\Q492437.csproj", "{16CECFCC-FEAE-4852-81C1-3310ED23A5C8}"
EndProject
Global
	GlobalSection(SolutionConfigurationPlatforms) = preSolution
		Debug|Any CPU = Debug|Any CPU
		Release|Any CPU = Release|Any CPU
	EndGlobalSection
	GlobalSection(ProjectConfigurationPlatforms) = postSolution
		{16CECFCC-FEAE-4852-81C1-3310ED23A5C8}.Debug|Any CPU.ActiveCfg = Debug|Any CPU
		{16CECFCC-FEAE-4852-81C1-3310ED23A5C8}.Debug|Any CPU.Build.0 = Debug|Any CPU
		{16CECFCC-FEAE-4852-81C1-3310ED23A5C8}.Release|Any CPU.ActiveCfg = Release|Any CPU
		{16CECFCC-FEAE-4852-81C1-3310ED23A5C8}.Release|Any CPU.Build.0 = Release|Any CPU
	EndGlobalSection
	GlobalSection(SolutionProperties) = preSolution
		HideSolutionNode = FALSE
	EndGlobalSection
EndGlobal
