
Microsoft Visual Studio Solution File, Format Version 12.00
# Visual Studio 2013
VisualStudioVersion = 12.0.40629.0
MinimumVisualStudioVersion = 10.0.40219.1
Project("{FAE04EC0-301F-11D3-BF4B-00C04F79EFBC}") = "ASPxDropDownEdit.Module", "ASPxDropDownEdit.Module\ASPxDropDownEdit.Module.csproj", "{BB5FAF56-63C6-4D0C-BB73-22DCB52810BA}"
EndProject
Project("{FAE04EC0-301F-11D3-BF4B-00C04F79EFBC}") = "ASPxDropDownEdit.Module.Web", "ASPxDropDownEdit.Module.Web\ASPxDropDownEdit.Module.Web.csproj", "{E8883BC9-297F-426A-B4CB-84EE23298D8D}"
EndProject
Project("{FAE04EC0-301F-11D3-BF4B-00C04F79EFBC}") = "ASPxDropDownEdit.Web", "ASPxDropDownEdit.Web\ASPxDropDownEdit.Web.csproj", "{86E2F858-49D8-481C-83D0-43F4C39698C0}"
EndProject
Global
	GlobalSection(SubversionScc) = preSolution
		Svn-Managed = True
		Manager = AnkhSVN - Subversion Support for Visual Studio
	EndGlobalSection
	GlobalSection(SolutionConfigurationPlatforms) = preSolution
		Debug|Any CPU = Debug|Any CPU
		EasyTest|Any CPU = EasyTest|Any CPU
		Release|Any CPU = Release|Any CPU
	EndGlobalSection
	GlobalSection(ProjectConfigurationPlatforms) = postSolution
		{BB5FAF56-63C6-4D0C-BB73-22DCB52810BA}.Debug|Any CPU.ActiveCfg = Debug|Any CPU
		{BB5FAF56-63C6-4D0C-BB73-22DCB52810BA}.Debug|Any CPU.Build.0 = Debug|Any CPU
		{BB5FAF56-63C6-4D0C-BB73-22DCB52810BA}.EasyTest|Any CPU.ActiveCfg = EasyTest|Any CPU
		{BB5FAF56-63C6-4D0C-BB73-22DCB52810BA}.EasyTest|Any CPU.Build.0 = EasyTest|Any CPU
		{BB5FAF56-63C6-4D0C-BB73-22DCB52810BA}.Release|Any CPU.ActiveCfg = Release|Any CPU
		{BB5FAF56-63C6-4D0C-BB73-22DCB52810BA}.Release|Any CPU.Build.0 = Release|Any CPU
		{E8883BC9-297F-426A-B4CB-84EE23298D8D}.Debug|Any CPU.ActiveCfg = Debug|Any CPU
		{E8883BC9-297F-426A-B4CB-84EE23298D8D}.Debug|Any CPU.Build.0 = Debug|Any CPU
		{E8883BC9-297F-426A-B4CB-84EE23298D8D}.EasyTest|Any CPU.ActiveCfg = EasyTest|Any CPU
		{E8883BC9-297F-426A-B4CB-84EE23298D8D}.EasyTest|Any CPU.Build.0 = EasyTest|Any CPU
		{E8883BC9-297F-426A-B4CB-84EE23298D8D}.Release|Any CPU.ActiveCfg = Release|Any CPU
		{E8883BC9-297F-426A-B4CB-84EE23298D8D}.Release|Any CPU.Build.0 = Release|Any CPU
		{86E2F858-49D8-481C-83D0-43F4C39698C0}.Debug|Any CPU.ActiveCfg = Debug|Any CPU
		{86E2F858-49D8-481C-83D0-43F4C39698C0}.Debug|Any CPU.Build.0 = Debug|Any CPU
		{86E2F858-49D8-481C-83D0-43F4C39698C0}.EasyTest|Any CPU.ActiveCfg = EasyTest|Any CPU
		{86E2F858-49D8-481C-83D0-43F4C39698C0}.EasyTest|Any CPU.Build.0 = EasyTest|Any CPU
		{86E2F858-49D8-481C-83D0-43F4C39698C0}.Release|Any CPU.ActiveCfg = Release|Any CPU
		{86E2F858-49D8-481C-83D0-43F4C39698C0}.Release|Any CPU.Build.0 = Release|Any CPU
	EndGlobalSection
	GlobalSection(SolutionProperties) = preSolution
		HideSolutionNode = FALSE
	EndGlobalSection
EndGlobal
