
Microsoft Visual Studio Solution File, Format Version 12.00
# Visual Studio 2013
VisualStudioVersion = 12.0.40629.0
MinimumVisualStudioVersion = 10.0.40219.1
Project("{FAE04EC0-301F-11D3-BF4B-00C04F79EFBC}") = "MVCLargeDB01", "DXApplication1\MVCLargeDB01\MVCLargeDB01.csproj", "{FE76160A-BBC8-4A79-9B84-14670861010E}"
EndProject
Global
	GlobalSection(SolutionConfigurationPlatforms) = preSolution
		Debug|Any CPU = Debug|Any CPU
		Release|Any CPU = Release|Any CPU
	EndGlobalSection
	GlobalSection(ProjectConfigurationPlatforms) = postSolution
		{FE76160A-BBC8-4A79-9B84-14670861010E}.Debug|Any CPU.ActiveCfg = Debug|Any CPU
		{FE76160A-BBC8-4A79-9B84-14670861010E}.Debug|Any CPU.Build.0 = Debug|Any CPU
		{FE76160A-BBC8-4A79-9B84-14670861010E}.Release|Any CPU.ActiveCfg = Release|Any CPU
		{FE76160A-BBC8-4A79-9B84-14670861010E}.Release|Any CPU.Build.0 = Release|Any CPU
	EndGlobalSection
	GlobalSection(SolutionProperties) = preSolution
		HideSolutionNode = FALSE
	EndGlobalSection
EndGlobal
