
Microsoft Visual Studio Solution File, Format Version 12.00
# Visual Studio 2013
VisualStudioVersion = 12.0.40629.0
MinimumVisualStudioVersion = 10.0.40219.1
Project("{FAE04EC0-301F-11D3-BF4B-00C04F79EFBC}") = "GridViewBatchEdit", "GridViewBatchEdit\GridViewBatchEdit.csproj", "{7AF58BDE-8A36-43F9-B059-89A94141299D}"
EndProject
Global
	GlobalSection(SubversionScc) = preSolution
		Svn-Managed = True
		Manager = AnkhSVN - Subversion Support for Visual Studio
	EndGlobalSection
	GlobalSection(SolutionConfigurationPlatforms) = preSolution
		Debug|Any CPU = Debug|Any CPU
		DebugTest|Any CPU = DebugTest|Any CPU
		DebugTestTrial|Any CPU = DebugTestTrial|Any CPU
		DebugTestWithGAC|Any CPU = DebugTestWithGAC|Any CPU
		DebugWithGAC|Any CPU = DebugWithGAC|Any CPU
		Release|Any CPU = Release|Any CPU
	EndGlobalSection
	GlobalSection(ProjectConfigurationPlatforms) = postSolution
		{7AF58BDE-8A36-43F9-B059-89A94141299D}.Debug|Any CPU.ActiveCfg = Debug|Any CPU
		{7AF58BDE-8A36-43F9-B059-89A94141299D}.Debug|Any CPU.Build.0 = Debug|Any CPU
		{7AF58BDE-8A36-43F9-B059-89A94141299D}.DebugTest|Any CPU.ActiveCfg = Debug|Any CPU
		{7AF58BDE-8A36-43F9-B059-89A94141299D}.DebugTest|Any CPU.Build.0 = Debug|Any CPU
		{7AF58BDE-8A36-43F9-B059-89A94141299D}.DebugTestTrial|Any CPU.ActiveCfg = Debug|Any CPU
		{7AF58BDE-8A36-43F9-B059-89A94141299D}.DebugTestTrial|Any CPU.Build.0 = Debug|Any CPU
		{7AF58BDE-8A36-43F9-B059-89A94141299D}.DebugTestWithGAC|Any CPU.ActiveCfg = Debug|Any CPU
		{7AF58BDE-8A36-43F9-B059-89A94141299D}.DebugTestWithGAC|Any CPU.Build.0 = Debug|Any CPU
		{7AF58BDE-8A36-43F9-B059-89A94141299D}.DebugWithGAC|Any CPU.ActiveCfg = Debug|Any CPU
		{7AF58BDE-8A36-43F9-B059-89A94141299D}.DebugWithGAC|Any CPU.Build.0 = Debug|Any CPU
		{7AF58BDE-8A36-43F9-B059-89A94141299D}.Release|Any CPU.ActiveCfg = Release|Any CPU
		{7AF58BDE-8A36-43F9-B059-89A94141299D}.Release|Any CPU.Build.0 = Release|Any CPU
	EndGlobalSection
	GlobalSection(SolutionProperties) = preSolution
		HideSolutionNode = FALSE
	EndGlobalSection
EndGlobal
